// !$*UTF8*$!
{
	archiveVersion = 1;
	classes = {
	};
	objectVersion = 55;
	objects = {

/* Begin PBXBuildFile section */
		FF057F892822D5AB00FB6BC9 /* GroupsTableViewController.swift in Sources */ = {isa = PBXBuildFile; fileRef = FF057F882822D5AB00FB6BC9 /* GroupsTableViewController.swift */; };
		FF057F8B2822D5D500FB6BC9 /* GroupsPresenter.swift in Sources */ = {isa = PBXBuildFile; fileRef = FF057F8A2822D5D500FB6BC9 /* GroupsPresenter.swift */; };
		FF057F8D2822D5E900FB6BC9 /* GroupsInteractor.swift in Sources */ = {isa = PBXBuildFile; fileRef = FF057F8C2822D5E900FB6BC9 /* GroupsInteractor.swift */; };
		FF057F8F2822D5FD00FB6BC9 /* GroupsConfigurator.swift in Sources */ = {isa = PBXBuildFile; fileRef = FF057F8E2822D5FD00FB6BC9 /* GroupsConfigurator.swift */; };
		FF057F912822D60700FB6BC9 /* GroupsRouter.swift in Sources */ = {isa = PBXBuildFile; fileRef = FF057F902822D60700FB6BC9 /* GroupsRouter.swift */; };
		FF057F932822D61C00FB6BC9 /* GroupsProtocols.swift in Sources */ = {isa = PBXBuildFile; fileRef = FF057F922822D61C00FB6BC9 /* GroupsProtocols.swift */; };
		FF057F972824435400FB6BC9 /* FSCalendar in Frameworks */ = {isa = PBXBuildFile; productRef = FF057F962824435400FB6BC9 /* FSCalendar */; };
		FF057FA12824437800FB6BC9 /* CalendarView.swift in Sources */ = {isa = PBXBuildFile; fileRef = FF057FA02824437800FB6BC9 /* CalendarView.swift */; };
		FF057FA42825509700FB6BC9 /* UIExtensions.swift in Sources */ = {isa = PBXBuildFile; fileRef = FF057FA32825509600FB6BC9 /* UIExtensions.swift */; };
		FF22B61A283C4A4D00B6A51D /* Model.xcdatamodeld in Sources */ = {isa = PBXBuildFile; fileRef = FF22B618283C4A4D00B6A51D /* Model.xcdatamodeld */; };
		FF22B63F283C4E8F00B6A51D /* Lecturer+CoreDataClass.swift in Sources */ = {isa = PBXBuildFile; fileRef = FF22B633283C4E8F00B6A51D /* Lecturer+CoreDataClass.swift */; };
		FF22B640283C4E8F00B6A51D /* Lecturer+CoreDataProperties.swift in Sources */ = {isa = PBXBuildFile; fileRef = FF22B634283C4E8F00B6A51D /* Lecturer+CoreDataProperties.swift */; };
		FF22B641283C4E8F00B6A51D /* SomeSchedule+CoreDataClass.swift in Sources */ = {isa = PBXBuildFile; fileRef = FF22B635283C4E8F00B6A51D /* SomeSchedule+CoreDataClass.swift */; };
		FF22B642283C4E8F00B6A51D /* SomeSchedule+CoreDataProperties.swift in Sources */ = {isa = PBXBuildFile; fileRef = FF22B636283C4E8F00B6A51D /* SomeSchedule+CoreDataProperties.swift */; };
		FF22B643283C4E8F00B6A51D /* ScheduleItem+CoreDataClass.swift in Sources */ = {isa = PBXBuildFile; fileRef = FF22B637283C4E8F00B6A51D /* ScheduleItem+CoreDataClass.swift */; };
		FF22B644283C4E8F00B6A51D /* ScheduleItem+CoreDataProperties.swift in Sources */ = {isa = PBXBuildFile; fileRef = FF22B638283C4E8F00B6A51D /* ScheduleItem+CoreDataProperties.swift */; };
		FF22B645283C4E8F00B6A51D /* Subject+CoreDataClass.swift in Sources */ = {isa = PBXBuildFile; fileRef = FF22B639283C4E8F00B6A51D /* Subject+CoreDataClass.swift */; };
		FF22B646283C4E8F00B6A51D /* Subject+CoreDataProperties.swift in Sources */ = {isa = PBXBuildFile; fileRef = FF22B63A283C4E8F00B6A51D /* Subject+CoreDataProperties.swift */; };
		FF22B647283C4E8F00B6A51D /* WeekNumber+CoreDataClass.swift in Sources */ = {isa = PBXBuildFile; fileRef = FF22B63B283C4E8F00B6A51D /* WeekNumber+CoreDataClass.swift */; };
		FF22B648283C4E8F00B6A51D /* WeekNumber+CoreDataProperties.swift in Sources */ = {isa = PBXBuildFile; fileRef = FF22B63C283C4E8F00B6A51D /* WeekNumber+CoreDataProperties.swift */; };
		FF22B649283C4E8F00B6A51D /* Group+CoreDataClass.swift in Sources */ = {isa = PBXBuildFile; fileRef = FF22B63D283C4E8F00B6A51D /* Group+CoreDataClass.swift */; };
		FF22B64A283C4E8F00B6A51D /* Group+CoreDataProperties.swift in Sources */ = {isa = PBXBuildFile; fileRef = FF22B63E283C4E8F00B6A51D /* Group+CoreDataProperties.swift */; };
		FF27CCFA2835B15500B376B7 /* Alamofire in Frameworks */ = {isa = PBXBuildFile; productRef = FF27CCF92835B15500B376B7 /* Alamofire */; };
		FFC67230281F17BD00245BB4 /* AppDelegate.swift in Sources */ = {isa = PBXBuildFile; fileRef = FFC6722F281F17BD00245BB4 /* AppDelegate.swift */; };
		FFC67232281F17BD00245BB4 /* SceneDelegate.swift in Sources */ = {isa = PBXBuildFile; fileRef = FFC67231281F17BD00245BB4 /* SceneDelegate.swift */; };
		FFC67234281F17BD00245BB4 /* MainViewController.swift in Sources */ = {isa = PBXBuildFile; fileRef = FFC67233281F17BD00245BB4 /* MainViewController.swift */; };
		FFC67237281F17BD00245BB4 /* Main.storyboard in Resources */ = {isa = PBXBuildFile; fileRef = FFC67235281F17BD00245BB4 /* Main.storyboard */; };
		FFC67239281F17BF00245BB4 /* Assets.xcassets in Resources */ = {isa = PBXBuildFile; fileRef = FFC67238281F17BF00245BB4 /* Assets.xcassets */; };
		FFC6723C281F17BF00245BB4 /* LaunchScreen.storyboard in Resources */ = {isa = PBXBuildFile; fileRef = FFC6723A281F17BF00245BB4 /* LaunchScreen.storyboard */; };
		FFC67247281F17BF00245BB4 /* ScheduleViperTests.swift in Sources */ = {isa = PBXBuildFile; fileRef = FFC67246281F17BF00245BB4 /* ScheduleViperTests.swift */; };
		FFC67251281F17BF00245BB4 /* ScheduleViperUITests.swift in Sources */ = {isa = PBXBuildFile; fileRef = FFC67250281F17BF00245BB4 /* ScheduleViperUITests.swift */; };
		FFC67253281F17BF00245BB4 /* ScheduleViperUITestsLaunchTests.swift in Sources */ = {isa = PBXBuildFile; fileRef = FFC67252281F17BF00245BB4 /* ScheduleViperUITestsLaunchTests.swift */; };
		FFC67267281F19AA00245BB4 /* MainPresenter.swift in Sources */ = {isa = PBXBuildFile; fileRef = FFC67266281F19AA00245BB4 /* MainPresenter.swift */; };
		FFC67269281F1A4600245BB4 /* MainInteractor.swift in Sources */ = {isa = PBXBuildFile; fileRef = FFC67268281F1A4600245BB4 /* MainInteractor.swift */; };
		FFC6726B281F1AA200245BB4 /* MainConfigurator.swift in Sources */ = {isa = PBXBuildFile; fileRef = FFC6726A281F1AA200245BB4 /* MainConfigurator.swift */; };
		FFC6726D281F1AC400245BB4 /* MainRouter.swift in Sources */ = {isa = PBXBuildFile; fileRef = FFC6726C281F1AC400245BB4 /* MainRouter.swift */; };
		FFC6726F281F1B4600245BB4 /* MainProtocols.swift in Sources */ = {isa = PBXBuildFile; fileRef = FFC6726E281F1B4600245BB4 /* MainProtocols.swift */; };
		FFC6727828207DE400245BB4 /* ScheduleTableViewCell.swift in Sources */ = {isa = PBXBuildFile; fileRef = FFC6727628207DE400245BB4 /* ScheduleTableViewCell.swift */; };
		FFC6727928207DE400245BB4 /* ScheduleTableViewCell.xib in Resources */ = {isa = PBXBuildFile; fileRef = FFC6727728207DE400245BB4 /* ScheduleTableViewCell.xib */; };
		FFC6728028215B5400245BB4 /* Structures.swift in Sources */ = {isa = PBXBuildFile; fileRef = FFC6727F28215B5400245BB4 /* Structures.swift */; };
		FFC672842821A79A00245BB4 /* ScheduleService.swift in Sources */ = {isa = PBXBuildFile; fileRef = FFC672832821A79A00245BB4 /* ScheduleService.swift */; };
		FFC672862821A9D400245BB4 /* StorageService.swift in Sources */ = {isa = PBXBuildFile; fileRef = FFC672852821A9D400245BB4 /* StorageService.swift */; };
		FFC672882821AFB700245BB4 /* ServerService.swift in Sources */ = {isa = PBXBuildFile; fileRef = FFC672872821AFB700245BB4 /* ServerService.swift */; };
/* End PBXBuildFile section */

/* Begin PBXContainerItemProxy section */
		FFC67243281F17BF00245BB4 /* PBXContainerItemProxy */ = {
			isa = PBXContainerItemProxy;
			containerPortal = FFC67224281F17BD00245BB4 /* Project object */;
			proxyType = 1;
			remoteGlobalIDString = FFC6722B281F17BD00245BB4;
			remoteInfo = ScheduleViper;
		};
		FFC6724D281F17BF00245BB4 /* PBXContainerItemProxy */ = {
			isa = PBXContainerItemProxy;
			containerPortal = FFC67224281F17BD00245BB4 /* Project object */;
			proxyType = 1;
			remoteGlobalIDString = FFC6722B281F17BD00245BB4;
			remoteInfo = ScheduleViper;
		};
/* End PBXContainerItemProxy section */

/* Begin PBXCopyFilesBuildPhase section */
		FF08431C2821CE0E00529102 /* Embed Frameworks */ = {
			isa = PBXCopyFilesBuildPhase;
			buildActionMask = 2147483647;
			dstPath = "";
			dstSubfolderSpec = 10;
			files = (
			);
			name = "Embed Frameworks";
			runOnlyForDeploymentPostprocessing = 0;
		};
/* End PBXCopyFilesBuildPhase section */

/* Begin PBXFileReference section */
		FF057F882822D5AB00FB6BC9 /* GroupsTableViewController.swift */ = {isa = PBXFileReference; lastKnownFileType = sourcecode.swift; path = GroupsTableViewController.swift; sourceTree = "<group>"; };
		FF057F8A2822D5D500FB6BC9 /* GroupsPresenter.swift */ = {isa = PBXFileReference; lastKnownFileType = sourcecode.swift; path = GroupsPresenter.swift; sourceTree = "<group>"; };
		FF057F8C2822D5E900FB6BC9 /* GroupsInteractor.swift */ = {isa = PBXFileReference; lastKnownFileType = sourcecode.swift; path = GroupsInteractor.swift; sourceTree = "<group>"; };
		FF057F8E2822D5FD00FB6BC9 /* GroupsConfigurator.swift */ = {isa = PBXFileReference; lastKnownFileType = sourcecode.swift; path = GroupsConfigurator.swift; sourceTree = "<group>"; };
		FF057F902822D60700FB6BC9 /* GroupsRouter.swift */ = {isa = PBXFileReference; lastKnownFileType = sourcecode.swift; path = GroupsRouter.swift; sourceTree = "<group>"; };
		FF057F922822D61C00FB6BC9 /* GroupsProtocols.swift */ = {isa = PBXFileReference; lastKnownFileType = sourcecode.swift; path = GroupsProtocols.swift; sourceTree = "<group>"; };
		FF057FA02824437800FB6BC9 /* CalendarView.swift */ = {isa = PBXFileReference; lastKnownFileType = sourcecode.swift; path = CalendarView.swift; sourceTree = "<group>"; };
		FF057FA32825509600FB6BC9 /* UIExtensions.swift */ = {isa = PBXFileReference; lastKnownFileType = sourcecode.swift; path = UIExtensions.swift; sourceTree = "<group>"; };
		FF22B619283C4A4D00B6A51D /* Model.xcdatamodel */ = {isa = PBXFileReference; lastKnownFileType = wrapper.xcdatamodel; path = Model.xcdatamodel; sourceTree = "<group>"; };
		FF22B633283C4E8F00B6A51D /* Lecturer+CoreDataClass.swift */ = {isa = PBXFileReference; lastKnownFileType = sourcecode.swift; path = "Lecturer+CoreDataClass.swift"; sourceTree = "<group>"; };
		FF22B634283C4E8F00B6A51D /* Lecturer+CoreDataProperties.swift */ = {isa = PBXFileReference; lastKnownFileType = sourcecode.swift; path = "Lecturer+CoreDataProperties.swift"; sourceTree = "<group>"; };
		FF22B635283C4E8F00B6A51D /* SomeSchedule+CoreDataClass.swift */ = {isa = PBXFileReference; lastKnownFileType = sourcecode.swift; path = "SomeSchedule+CoreDataClass.swift"; sourceTree = "<group>"; };
		FF22B636283C4E8F00B6A51D /* SomeSchedule+CoreDataProperties.swift */ = {isa = PBXFileReference; lastKnownFileType = sourcecode.swift; path = "SomeSchedule+CoreDataProperties.swift"; sourceTree = "<group>"; };
		FF22B637283C4E8F00B6A51D /* ScheduleItem+CoreDataClass.swift */ = {isa = PBXFileReference; lastKnownFileType = sourcecode.swift; path = "ScheduleItem+CoreDataClass.swift"; sourceTree = "<group>"; };
		FF22B638283C4E8F00B6A51D /* ScheduleItem+CoreDataProperties.swift */ = {isa = PBXFileReference; lastKnownFileType = sourcecode.swift; path = "ScheduleItem+CoreDataProperties.swift"; sourceTree = "<group>"; };
		FF22B639283C4E8F00B6A51D /* Subject+CoreDataClass.swift */ = {isa = PBXFileReference; lastKnownFileType = sourcecode.swift; path = "Subject+CoreDataClass.swift"; sourceTree = "<group>"; };
		FF22B63A283C4E8F00B6A51D /* Subject+CoreDataProperties.swift */ = {isa = PBXFileReference; lastKnownFileType = sourcecode.swift; path = "Subject+CoreDataProperties.swift"; sourceTree = "<group>"; };
		FF22B63B283C4E8F00B6A51D /* WeekNumber+CoreDataClass.swift */ = {isa = PBXFileReference; lastKnownFileType = sourcecode.swift; path = "WeekNumber+CoreDataClass.swift"; sourceTree = "<group>"; };
		FF22B63C283C4E8F00B6A51D /* WeekNumber+CoreDataProperties.swift */ = {isa = PBXFileReference; lastKnownFileType = sourcecode.swift; path = "WeekNumber+CoreDataProperties.swift"; sourceTree = "<group>"; };
		FF22B63D283C4E8F00B6A51D /* Group+CoreDataClass.swift */ = {isa = PBXFileReference; lastKnownFileType = sourcecode.swift; path = "Group+CoreDataClass.swift"; sourceTree = "<group>"; };
		FF22B63E283C4E8F00B6A51D /* Group+CoreDataProperties.swift */ = {isa = PBXFileReference; lastKnownFileType = sourcecode.swift; path = "Group+CoreDataProperties.swift"; sourceTree = "<group>"; };
		FFC6722C281F17BD00245BB4 /* ScheduleViper.app */ = {isa = PBXFileReference; explicitFileType = wrapper.application; includeInIndex = 0; path = ScheduleViper.app; sourceTree = BUILT_PRODUCTS_DIR; };
		FFC6722F281F17BD00245BB4 /* AppDelegate.swift */ = {isa = PBXFileReference; lastKnownFileType = sourcecode.swift; path = AppDelegate.swift; sourceTree = "<group>"; };
		FFC67231281F17BD00245BB4 /* SceneDelegate.swift */ = {isa = PBXFileReference; lastKnownFileType = sourcecode.swift; path = SceneDelegate.swift; sourceTree = "<group>"; };
		FFC67233281F17BD00245BB4 /* MainViewController.swift */ = {isa = PBXFileReference; lastKnownFileType = sourcecode.swift; path = MainViewController.swift; sourceTree = "<group>"; };
		FFC67236281F17BD00245BB4 /* Base */ = {isa = PBXFileReference; lastKnownFileType = file.storyboard; name = Base; path = Base.lproj/Main.storyboard; sourceTree = "<group>"; };
		FFC67238281F17BF00245BB4 /* Assets.xcassets */ = {isa = PBXFileReference; lastKnownFileType = folder.assetcatalog; path = Assets.xcassets; sourceTree = "<group>"; };
		FFC6723B281F17BF00245BB4 /* Base */ = {isa = PBXFileReference; lastKnownFileType = file.storyboard; name = Base; path = Base.lproj/LaunchScreen.storyboard; sourceTree = "<group>"; };
		FFC6723D281F17BF00245BB4 /* Info.plist */ = {isa = PBXFileReference; lastKnownFileType = text.plist.xml; path = Info.plist; sourceTree = "<group>"; };
		FFC67242281F17BF00245BB4 /* ScheduleViperTests.xctest */ = {isa = PBXFileReference; explicitFileType = wrapper.cfbundle; includeInIndex = 0; path = ScheduleViperTests.xctest; sourceTree = BUILT_PRODUCTS_DIR; };
		FFC67246281F17BF00245BB4 /* ScheduleViperTests.swift */ = {isa = PBXFileReference; lastKnownFileType = sourcecode.swift; path = ScheduleViperTests.swift; sourceTree = "<group>"; };
		FFC6724C281F17BF00245BB4 /* ScheduleViperUITests.xctest */ = {isa = PBXFileReference; explicitFileType = wrapper.cfbundle; includeInIndex = 0; path = ScheduleViperUITests.xctest; sourceTree = BUILT_PRODUCTS_DIR; };
		FFC67250281F17BF00245BB4 /* ScheduleViperUITests.swift */ = {isa = PBXFileReference; lastKnownFileType = sourcecode.swift; path = ScheduleViperUITests.swift; sourceTree = "<group>"; };
		FFC67252281F17BF00245BB4 /* ScheduleViperUITestsLaunchTests.swift */ = {isa = PBXFileReference; lastKnownFileType = sourcecode.swift; path = ScheduleViperUITestsLaunchTests.swift; sourceTree = "<group>"; };
		FFC67266281F19AA00245BB4 /* MainPresenter.swift */ = {isa = PBXFileReference; lastKnownFileType = sourcecode.swift; path = MainPresenter.swift; sourceTree = "<group>"; };
		FFC67268281F1A4600245BB4 /* MainInteractor.swift */ = {isa = PBXFileReference; lastKnownFileType = sourcecode.swift; path = MainInteractor.swift; sourceTree = "<group>"; };
		FFC6726A281F1AA200245BB4 /* MainConfigurator.swift */ = {isa = PBXFileReference; lastKnownFileType = sourcecode.swift; path = MainConfigurator.swift; sourceTree = "<group>"; };
		FFC6726C281F1AC400245BB4 /* MainRouter.swift */ = {isa = PBXFileReference; lastKnownFileType = sourcecode.swift; path = MainRouter.swift; sourceTree = "<group>"; };
		FFC6726E281F1B4600245BB4 /* MainProtocols.swift */ = {isa = PBXFileReference; lastKnownFileType = sourcecode.swift; path = MainProtocols.swift; sourceTree = "<group>"; };
		FFC6727628207DE400245BB4 /* ScheduleTableViewCell.swift */ = {isa = PBXFileReference; lastKnownFileType = sourcecode.swift; path = ScheduleTableViewCell.swift; sourceTree = "<group>"; };
		FFC6727728207DE400245BB4 /* ScheduleTableViewCell.xib */ = {isa = PBXFileReference; lastKnownFileType = file.xib; path = ScheduleTableViewCell.xib; sourceTree = "<group>"; };
		FFC6727F28215B5400245BB4 /* Structures.swift */ = {isa = PBXFileReference; fileEncoding = 4; lastKnownFileType = sourcecode.swift; path = Structures.swift; sourceTree = "<group>"; };
		FFC672832821A79A00245BB4 /* ScheduleService.swift */ = {isa = PBXFileReference; lastKnownFileType = sourcecode.swift; path = ScheduleService.swift; sourceTree = "<group>"; };
		FFC672852821A9D400245BB4 /* StorageService.swift */ = {isa = PBXFileReference; lastKnownFileType = sourcecode.swift; path = StorageService.swift; sourceTree = "<group>"; };
		FFC672872821AFB700245BB4 /* ServerService.swift */ = {isa = PBXFileReference; lastKnownFileType = sourcecode.swift; path = ServerService.swift; sourceTree = "<group>"; };
/* End PBXFileReference section */

/* Begin PBXFrameworksBuildPhase section */
		FFC67229281F17BD00245BB4 /* Frameworks */ = {
			isa = PBXFrameworksBuildPhase;
			buildActionMask = 2147483647;
			files = (
				FF27CCFA2835B15500B376B7 /* Alamofire in Frameworks */,
				FF057F972824435400FB6BC9 /* FSCalendar in Frameworks */,
			);
			runOnlyForDeploymentPostprocessing = 0;
		};
		FFC6723F281F17BF00245BB4 /* Frameworks */ = {
			isa = PBXFrameworksBuildPhase;
			buildActionMask = 2147483647;
			files = (
			);
			runOnlyForDeploymentPostprocessing = 0;
		};
		FFC67249281F17BF00245BB4 /* Frameworks */ = {
			isa = PBXFrameworksBuildPhase;
			buildActionMask = 2147483647;
			files = (
			);
			runOnlyForDeploymentPostprocessing = 0;
		};
/* End PBXFrameworksBuildPhase section */

/* Begin PBXGroup section */
		FF057F872822D37A00FB6BC9 /* Groups */ = {
			isa = PBXGroup;
			children = (
				FF057F882822D5AB00FB6BC9 /* GroupsTableViewController.swift */,
				FF057F8A2822D5D500FB6BC9 /* GroupsPresenter.swift */,
				FF057F8C2822D5E900FB6BC9 /* GroupsInteractor.swift */,
				FF057F8E2822D5FD00FB6BC9 /* GroupsConfigurator.swift */,
				FF057F902822D60700FB6BC9 /* GroupsRouter.swift */,
				FF057F922822D61C00FB6BC9 /* GroupsProtocols.swift */,
			);
			path = Groups;
			sourceTree = "<group>";
		};
		FF057FA22824437D00FB6BC9 /* Calendar */ = {
			isa = PBXGroup;
			children = (
				FF057FA02824437800FB6BC9 /* CalendarView.swift */,
			);
			path = Calendar;
			sourceTree = "<group>";
		};
		FF0843192821CE0D00529102 /* Frameworks */ = {
			isa = PBXGroup;
			children = (
			);
			name = Frameworks;
			sourceTree = "<group>";
		};
		FF22B617283C4A4100B6A51D /* CoreData */ = {
			isa = PBXGroup;
			children = (
				FF22B64B283C4E9800B6A51D /* Models */,
				FF22B618283C4A4D00B6A51D /* Model.xcdatamodeld */,
			);
			path = CoreData;
			sourceTree = "<group>";
		};
		FF22B64B283C4E9800B6A51D /* Models */ = {
			isa = PBXGroup;
			children = (
				FF22B633283C4E8F00B6A51D /* Lecturer+CoreDataClass.swift */,
				FF22B634283C4E8F00B6A51D /* Lecturer+CoreDataProperties.swift */,
				FF22B635283C4E8F00B6A51D /* SomeSchedule+CoreDataClass.swift */,
				FF22B636283C4E8F00B6A51D /* SomeSchedule+CoreDataProperties.swift */,
				FF22B637283C4E8F00B6A51D /* ScheduleItem+CoreDataClass.swift */,
				FF22B638283C4E8F00B6A51D /* ScheduleItem+CoreDataProperties.swift */,
				FF22B639283C4E8F00B6A51D /* Subject+CoreDataClass.swift */,
				FF22B63A283C4E8F00B6A51D /* Subject+CoreDataProperties.swift */,
				FF22B63B283C4E8F00B6A51D /* WeekNumber+CoreDataClass.swift */,
				FF22B63C283C4E8F00B6A51D /* WeekNumber+CoreDataProperties.swift */,
				FF22B63D283C4E8F00B6A51D /* Group+CoreDataClass.swift */,
				FF22B63E283C4E8F00B6A51D /* Group+CoreDataProperties.swift */,
			);
			path = Models;
			sourceTree = "<group>";
		};
		FFC67223281F17BD00245BB4 = {
			isa = PBXGroup;
			children = (
				FFC6722E281F17BD00245BB4 /* ScheduleViper */,
				FFC67245281F17BF00245BB4 /* ScheduleViperTests */,
				FFC6724F281F17BF00245BB4 /* ScheduleViperUITests */,
				FFC6722D281F17BD00245BB4 /* Products */,
				FF0843192821CE0D00529102 /* Frameworks */,
			);
			sourceTree = "<group>";
		};
		FFC6722D281F17BD00245BB4 /* Products */ = {
			isa = PBXGroup;
			children = (
				FFC6722C281F17BD00245BB4 /* ScheduleViper.app */,
				FFC67242281F17BF00245BB4 /* ScheduleViperTests.xctest */,
				FFC6724C281F17BF00245BB4 /* ScheduleViperUITests.xctest */,
			);
			name = Products;
			sourceTree = "<group>";
		};
		FFC6722E281F17BD00245BB4 /* ScheduleViper */ = {
			isa = PBXGroup;
			children = (
				FFC6722F281F17BD00245BB4 /* AppDelegate.swift */,
				FFC67231281F17BD00245BB4 /* SceneDelegate.swift */,
				FFC67261281F182A00245BB4 /* Modules */,
				FFC67264281F184C00245BB4 /* Views */,
				FFC67263281F184200245BB4 /* Services */,
				FFC67262281F183400245BB4 /* Entities */,
				FFC67260281F182000245BB4 /* Extensions */,
				FFC6725F281F181100245BB4 /* Storyboards */,
				FFC67238281F17BF00245BB4 /* Assets.xcassets */,
				FFC6723D281F17BF00245BB4 /* Info.plist */,
			);
			path = ScheduleViper;
			sourceTree = "<group>";
		};
		FFC67245281F17BF00245BB4 /* ScheduleViperTests */ = {
			isa = PBXGroup;
			children = (
				FFC67246281F17BF00245BB4 /* ScheduleViperTests.swift */,
			);
			path = ScheduleViperTests;
			sourceTree = "<group>";
		};
		FFC6724F281F17BF00245BB4 /* ScheduleViperUITests */ = {
			isa = PBXGroup;
			children = (
				FFC67250281F17BF00245BB4 /* ScheduleViperUITests.swift */,
				FFC67252281F17BF00245BB4 /* ScheduleViperUITestsLaunchTests.swift */,
			);
			path = ScheduleViperUITests;
			sourceTree = "<group>";
		};
		FFC6725F281F181100245BB4 /* Storyboards */ = {
			isa = PBXGroup;
			children = (
				FFC67235281F17BD00245BB4 /* Main.storyboard */,
				FFC6723A281F17BF00245BB4 /* LaunchScreen.storyboard */,
			);
			path = Storyboards;
			sourceTree = "<group>";
		};
		FFC67260281F182000245BB4 /* Extensions */ = {
			isa = PBXGroup;
			children = (
				FF057FA32825509600FB6BC9 /* UIExtensions.swift */,
			);
			path = Extensions;
			sourceTree = "<group>";
		};
		FFC67261281F182A00245BB4 /* Modules */ = {
			isa = PBXGroup;
			children = (
				FFC67265281F188000245BB4 /* Main */,
				FF057F872822D37A00FB6BC9 /* Groups */,
			);
			path = Modules;
			sourceTree = "<group>";
		};
		FFC67262281F183400245BB4 /* Entities */ = {
			isa = PBXGroup;
			children = (
				FFC6727F28215B5400245BB4 /* Structures.swift */,
			);
			path = Entities;
			sourceTree = "<group>";
		};
		FFC67263281F184200245BB4 /* Services */ = {
			isa = PBXGroup;
			children = (
				FF22B617283C4A4100B6A51D /* CoreData */,
				FFC672832821A79A00245BB4 /* ScheduleService.swift */,
				FFC672852821A9D400245BB4 /* StorageService.swift */,
				FFC672872821AFB700245BB4 /* ServerService.swift */,
			);
			path = Services;
			sourceTree = "<group>";
		};
		FFC67264281F184C00245BB4 /* Views */ = {
			isa = PBXGroup;
			children = (
				FF057FA22824437D00FB6BC9 /* Calendar */,
				FFC6727528207DB100245BB4 /* ScheduleTableViewCell */,
			);
			path = Views;
			sourceTree = "<group>";
		};
		FFC67265281F188000245BB4 /* Main */ = {
			isa = PBXGroup;
			children = (
				FFC67233281F17BD00245BB4 /* MainViewController.swift */,
				FFC67266281F19AA00245BB4 /* MainPresenter.swift */,
				FFC67268281F1A4600245BB4 /* MainInteractor.swift */,
				FFC6726A281F1AA200245BB4 /* MainConfigurator.swift */,
				FFC6726C281F1AC400245BB4 /* MainRouter.swift */,
				FFC6726E281F1B4600245BB4 /* MainProtocols.swift */,
			);
			path = Main;
			sourceTree = "<group>";
		};
		FFC6727528207DB100245BB4 /* ScheduleTableViewCell */ = {
			isa = PBXGroup;
			children = (
				FFC6727628207DE400245BB4 /* ScheduleTableViewCell.swift */,
				FFC6727728207DE400245BB4 /* ScheduleTableViewCell.xib */,
			);
			path = ScheduleTableViewCell;
			sourceTree = "<group>";
		};
/* End PBXGroup section */

/* Begin PBXNativeTarget section */
		FFC6722B281F17BD00245BB4 /* ScheduleViper */ = {
			isa = PBXNativeTarget;
			buildConfigurationList = FFC67256281F17BF00245BB4 /* Build configuration list for PBXNativeTarget "ScheduleViper" */;
			buildPhases = (
				FFC67228281F17BD00245BB4 /* Sources */,
				FFC67229281F17BD00245BB4 /* Frameworks */,
				FFC6722A281F17BD00245BB4 /* Resources */,
				FF08431C2821CE0E00529102 /* Embed Frameworks */,
			);
			buildRules = (
			);
			dependencies = (
			);
			name = ScheduleViper;
			packageProductDependencies = (
				FF057F962824435400FB6BC9 /* FSCalendar */,
				FF27CCF92835B15500B376B7 /* Alamofire */,
			);
			productName = ScheduleViper;
			productReference = FFC6722C281F17BD00245BB4 /* ScheduleViper.app */;
			productType = "com.apple.product-type.application";
		};
		FFC67241281F17BF00245BB4 /* ScheduleViperTests */ = {
			isa = PBXNativeTarget;
			buildConfigurationList = FFC67259281F17BF00245BB4 /* Build configuration list for PBXNativeTarget "ScheduleViperTests" */;
			buildPhases = (
				FFC6723E281F17BF00245BB4 /* Sources */,
				FFC6723F281F17BF00245BB4 /* Frameworks */,
				FFC67240281F17BF00245BB4 /* Resources */,
			);
			buildRules = (
			);
			dependencies = (
				FFC67244281F17BF00245BB4 /* PBXTargetDependency */,
			);
			name = ScheduleViperTests;
			productName = ScheduleViperTests;
			productReference = FFC67242281F17BF00245BB4 /* ScheduleViperTests.xctest */;
			productType = "com.apple.product-type.bundle.unit-test";
		};
		FFC6724B281F17BF00245BB4 /* ScheduleViperUITests */ = {
			isa = PBXNativeTarget;
			buildConfigurationList = FFC6725C281F17BF00245BB4 /* Build configuration list for PBXNativeTarget "ScheduleViperUITests" */;
			buildPhases = (
				FFC67248281F17BF00245BB4 /* Sources */,
				FFC67249281F17BF00245BB4 /* Frameworks */,
				FFC6724A281F17BF00245BB4 /* Resources */,
			);
			buildRules = (
			);
			dependencies = (
				FFC6724E281F17BF00245BB4 /* PBXTargetDependency */,
			);
			name = ScheduleViperUITests;
			productName = ScheduleViperUITests;
			productReference = FFC6724C281F17BF00245BB4 /* ScheduleViperUITests.xctest */;
			productType = "com.apple.product-type.bundle.ui-testing";
		};
/* End PBXNativeTarget section */

/* Begin PBXProject section */
		FFC67224281F17BD00245BB4 /* Project object */ = {
			isa = PBXProject;
			attributes = {
				BuildIndependentTargetsInParallel = 1;
				LastSwiftUpdateCheck = 1320;
				LastUpgradeCheck = 1320;
				TargetAttributes = {
					FFC6722B281F17BD00245BB4 = {
						CreatedOnToolsVersion = 13.2.1;
					};
					FFC67241281F17BF00245BB4 = {
						CreatedOnToolsVersion = 13.2.1;
						TestTargetID = FFC6722B281F17BD00245BB4;
					};
					FFC6724B281F17BF00245BB4 = {
						CreatedOnToolsVersion = 13.2.1;
						TestTargetID = FFC6722B281F17BD00245BB4;
					};
				};
			};
			buildConfigurationList = FFC67227281F17BD00245BB4 /* Build configuration list for PBXProject "ScheduleViper" */;
			compatibilityVersion = "Xcode 13.0";
			developmentRegion = en;
			hasScannedForEncodings = 0;
			knownRegions = (
				en,
				Base,
			);
			mainGroup = FFC67223281F17BD00245BB4;
			packageReferences = (
				FF057F952824435400FB6BC9 /* XCRemoteSwiftPackageReference "FSCalendar" */,
				FF27CCF82835B15500B376B7 /* XCRemoteSwiftPackageReference "Alamofire" */,
			);
			productRefGroup = FFC6722D281F17BD00245BB4 /* Products */;
			projectDirPath = "";
			projectRoot = "";
			targets = (
				FFC6722B281F17BD00245BB4 /* ScheduleViper */,
				FFC67241281F17BF00245BB4 /* ScheduleViperTests */,
				FFC6724B281F17BF00245BB4 /* ScheduleViperUITests */,
			);
		};
/* End PBXProject section */

/* Begin PBXResourcesBuildPhase section */
		FFC6722A281F17BD00245BB4 /* Resources */ = {
			isa = PBXResourcesBuildPhase;
			buildActionMask = 2147483647;
			files = (
				FFC6723C281F17BF00245BB4 /* LaunchScreen.storyboard in Resources */,
				FFC67239281F17BF00245BB4 /* Assets.xcassets in Resources */,
				FFC67237281F17BD00245BB4 /* Main.storyboard in Resources */,
				FFC6727928207DE400245BB4 /* ScheduleTableViewCell.xib in Resources */,
			);
			runOnlyForDeploymentPostprocessing = 0;
		};
		FFC67240281F17BF00245BB4 /* Resources */ = {
			isa = PBXResourcesBuildPhase;
			buildActionMask = 2147483647;
			files = (
			);
			runOnlyForDeploymentPostprocessing = 0;
		};
		FFC6724A281F17BF00245BB4 /* Resources */ = {
			isa = PBXResourcesBuildPhase;
			buildActionMask = 2147483647;
			files = (
			);
			runOnlyForDeploymentPostprocessing = 0;
		};
/* End PBXResourcesBuildPhase section */

/* Begin PBXSourcesBuildPhase section */
		FFC67228281F17BD00245BB4 /* Sources */ = {
			isa = PBXSourcesBuildPhase;
			buildActionMask = 2147483647;
			files = (
				FF22B641283C4E8F00B6A51D /* SomeSchedule+CoreDataClass.swift in Sources */,
				FF057F932822D61C00FB6BC9 /* GroupsProtocols.swift in Sources */,
				FFC6726F281F1B4600245BB4 /* MainProtocols.swift in Sources */,
				FF057F8B2822D5D500FB6BC9 /* GroupsPresenter.swift in Sources */,
				FF22B645283C4E8F00B6A51D /* Subject+CoreDataClass.swift in Sources */,
				FFC67269281F1A4600245BB4 /* MainInteractor.swift in Sources */,
				FF22B646283C4E8F00B6A51D /* Subject+CoreDataProperties.swift in Sources */,
				FFC672882821AFB700245BB4 /* ServerService.swift in Sources */,
				FFC6726D281F1AC400245BB4 /* MainRouter.swift in Sources */,
				FFC67234281F17BD00245BB4 /* MainViewController.swift in Sources */,
				FF22B640283C4E8F00B6A51D /* Lecturer+CoreDataProperties.swift in Sources */,
				FFC67230281F17BD00245BB4 /* AppDelegate.swift in Sources */,
				FFC6728028215B5400245BB4 /* Structures.swift in Sources */,
				FF22B61A283C4A4D00B6A51D /* Model.xcdatamodeld in Sources */,
				FF057F912822D60700FB6BC9 /* GroupsRouter.swift in Sources */,
				FF057FA12824437800FB6BC9 /* CalendarView.swift in Sources */,
				FF22B649283C4E8F00B6A51D /* Group+CoreDataClass.swift in Sources */,
				FFC672842821A79A00245BB4 /* ScheduleService.swift in Sources */,
				FF22B644283C4E8F00B6A51D /* ScheduleItem+CoreDataProperties.swift in Sources */,
				FFC672862821A9D400245BB4 /* StorageService.swift in Sources */,
				FFC6727828207DE400245BB4 /* ScheduleTableViewCell.swift in Sources */,
				FFC67232281F17BD00245BB4 /* SceneDelegate.swift in Sources */,
				FF057FA42825509700FB6BC9 /* UIExtensions.swift in Sources */,
				FF057F8D2822D5E900FB6BC9 /* GroupsInteractor.swift in Sources */,
				FF057F892822D5AB00FB6BC9 /* GroupsTableViewController.swift in Sources */,
				FF22B64A283C4E8F00B6A51D /* Group+CoreDataProperties.swift in Sources */,
				FF22B647283C4E8F00B6A51D /* WeekNumber+CoreDataClass.swift in Sources */,
				FFC67267281F19AA00245BB4 /* MainPresenter.swift in Sources */,
				FF22B63F283C4E8F00B6A51D /* Lecturer+CoreDataClass.swift in Sources */,
				FF057F8F2822D5FD00FB6BC9 /* GroupsConfigurator.swift in Sources */,
				FF22B642283C4E8F00B6A51D /* SomeSchedule+CoreDataProperties.swift in Sources */,
				FF22B643283C4E8F00B6A51D /* ScheduleItem+CoreDataClass.swift in Sources */,
				FF22B648283C4E8F00B6A51D /* WeekNumber+CoreDataProperties.swift in Sources */,
				FFC6726B281F1AA200245BB4 /* MainConfigurator.swift in Sources */,
			);
			runOnlyForDeploymentPostprocessing = 0;
		};
		FFC6723E281F17BF00245BB4 /* Sources */ = {
			isa = PBXSourcesBuildPhase;
			buildActionMask = 2147483647;
			files = (
				FFC67247281F17BF00245BB4 /* ScheduleViperTests.swift in Sources */,
			);
			runOnlyForDeploymentPostprocessing = 0;
		};
		FFC67248281F17BF00245BB4 /* Sources */ = {
			isa = PBXSourcesBuildPhase;
			buildActionMask = 2147483647;
			files = (
				FFC67253281F17BF00245BB4 /* ScheduleViperUITestsLaunchTests.swift in Sources */,
				FFC67251281F17BF00245BB4 /* ScheduleViperUITests.swift in Sources */,
			);
			runOnlyForDeploymentPostprocessing = 0;
		};
/* End PBXSourcesBuildPhase section */

/* Begin PBXTargetDependency section */
		FFC67244281F17BF00245BB4 /* PBXTargetDependency */ = {
			isa = PBXTargetDependency;
			target = FFC6722B281F17BD00245BB4 /* ScheduleViper */;
			targetProxy = FFC67243281F17BF00245BB4 /* PBXContainerItemProxy */;
		};
		FFC6724E281F17BF00245BB4 /* PBXTargetDependency */ = {
			isa = PBXTargetDependency;
			target = FFC6722B281F17BD00245BB4 /* ScheduleViper */;
			targetProxy = FFC6724D281F17BF00245BB4 /* PBXContainerItemProxy */;
		};
/* End PBXTargetDependency section */

/* Begin PBXVariantGroup section */
		FFC67235281F17BD00245BB4 /* Main.storyboard */ = {
			isa = PBXVariantGroup;
			children = (
				FFC67236281F17BD00245BB4 /* Base */,
			);
			name = Main.storyboard;
			sourceTree = "<group>";
		};
		FFC6723A281F17BF00245BB4 /* LaunchScreen.storyboard */ = {
			isa = PBXVariantGroup;
			children = (
				FFC6723B281F17BF00245BB4 /* Base */,
			);
			name = LaunchScreen.storyboard;
			sourceTree = "<group>";
		};
/* End PBXVariantGroup section */

/* Begin XCBuildConfiguration section */
		FFC67254281F17BF00245BB4 /* Debug */ = {
			isa = XCBuildConfiguration;
			buildSettings = {
				ALWAYS_SEARCH_USER_PATHS = NO;
				CLANG_ANALYZER_NONNULL = YES;
				CLANG_ANALYZER_NUMBER_OBJECT_CONVERSION = YES_AGGRESSIVE;
				CLANG_CXX_LANGUAGE_STANDARD = "gnu++17";
				CLANG_CXX_LIBRARY = "libc++";
				CLANG_ENABLE_MODULES = YES;
				CLANG_ENABLE_OBJC_ARC = YES;
				CLANG_ENABLE_OBJC_WEAK = YES;
				CLANG_WARN_BLOCK_CAPTURE_AUTORELEASING = YES;
				CLANG_WARN_BOOL_CONVERSION = YES;
				CLANG_WARN_COMMA = YES;
				CLANG_WARN_CONSTANT_CONVERSION = YES;
				CLANG_WARN_DEPRECATED_OBJC_IMPLEMENTATIONS = YES;
				CLANG_WARN_DIRECT_OBJC_ISA_USAGE = YES_ERROR;
				CLANG_WARN_DOCUMENTATION_COMMENTS = YES;
				CLANG_WARN_EMPTY_BODY = YES;
				CLANG_WARN_ENUM_CONVERSION = YES;
				CLANG_WARN_INFINITE_RECURSION = YES;
				CLANG_WARN_INT_CONVERSION = YES;
				CLANG_WARN_NON_LITERAL_NULL_CONVERSION = YES;
				CLANG_WARN_OBJC_IMPLICIT_RETAIN_SELF = YES;
				CLANG_WARN_OBJC_LITERAL_CONVERSION = YES;
				CLANG_WARN_OBJC_ROOT_CLASS = YES_ERROR;
				CLANG_WARN_QUOTED_INCLUDE_IN_FRAMEWORK_HEADER = YES;
				CLANG_WARN_RANGE_LOOP_ANALYSIS = YES;
				CLANG_WARN_STRICT_PROTOTYPES = YES;
				CLANG_WARN_SUSPICIOUS_MOVE = YES;
				CLANG_WARN_UNGUARDED_AVAILABILITY = YES_AGGRESSIVE;
				CLANG_WARN_UNREACHABLE_CODE = YES;
				CLANG_WARN__DUPLICATE_METHOD_MATCH = YES;
				COPY_PHASE_STRIP = NO;
				DEBUG_INFORMATION_FORMAT = dwarf;
				ENABLE_STRICT_OBJC_MSGSEND = YES;
				ENABLE_TESTABILITY = YES;
				GCC_C_LANGUAGE_STANDARD = gnu11;
				GCC_DYNAMIC_NO_PIC = NO;
				GCC_NO_COMMON_BLOCKS = YES;
				GCC_OPTIMIZATION_LEVEL = 0;
				GCC_PREPROCESSOR_DEFINITIONS = (
					"DEBUG=1",
					"$(inherited)",
				);
				GCC_WARN_64_TO_32_BIT_CONVERSION = YES;
				GCC_WARN_ABOUT_RETURN_TYPE = YES_ERROR;
				GCC_WARN_UNDECLARED_SELECTOR = YES;
				GCC_WARN_UNINITIALIZED_AUTOS = YES_AGGRESSIVE;
				GCC_WARN_UNUSED_FUNCTION = YES;
				GCC_WARN_UNUSED_VARIABLE = YES;
				IPHONEOS_DEPLOYMENT_TARGET = 15.2;
				MTL_ENABLE_DEBUG_INFO = INCLUDE_SOURCE;
				MTL_FAST_MATH = YES;
				ONLY_ACTIVE_ARCH = YES;
				SDKROOT = iphoneos;
				SWIFT_ACTIVE_COMPILATION_CONDITIONS = DEBUG;
				SWIFT_OPTIMIZATION_LEVEL = "-Onone";
			};
			name = Debug;
		};
		FFC67255281F17BF00245BB4 /* Release */ = {
			isa = XCBuildConfiguration;
			buildSettings = {
				ALWAYS_SEARCH_USER_PATHS = NO;
				CLANG_ANALYZER_NONNULL = YES;
				CLANG_ANALYZER_NUMBER_OBJECT_CONVERSION = YES_AGGRESSIVE;
				CLANG_CXX_LANGUAGE_STANDARD = "gnu++17";
				CLANG_CXX_LIBRARY = "libc++";
				CLANG_ENABLE_MODULES = YES;
				CLANG_ENABLE_OBJC_ARC = YES;
				CLANG_ENABLE_OBJC_WEAK = YES;
				CLANG_WARN_BLOCK_CAPTURE_AUTORELEASING = YES;
				CLANG_WARN_BOOL_CONVERSION = YES;
				CLANG_WARN_COMMA = YES;
				CLANG_WARN_CONSTANT_CONVERSION = YES;
				CLANG_WARN_DEPRECATED_OBJC_IMPLEMENTATIONS = YES;
				CLANG_WARN_DIRECT_OBJC_ISA_USAGE = YES_ERROR;
				CLANG_WARN_DOCUMENTATION_COMMENTS = YES;
				CLANG_WARN_EMPTY_BODY = YES;
				CLANG_WARN_ENUM_CONVERSION = YES;
				CLANG_WARN_INFINITE_RECURSION = YES;
				CLANG_WARN_INT_CONVERSION = YES;
				CLANG_WARN_NON_LITERAL_NULL_CONVERSION = YES;
				CLANG_WARN_OBJC_IMPLICIT_RETAIN_SELF = YES;
				CLANG_WARN_OBJC_LITERAL_CONVERSION = YES;
				CLANG_WARN_OBJC_ROOT_CLASS = YES_ERROR;
				CLANG_WARN_QUOTED_INCLUDE_IN_FRAMEWORK_HEADER = YES;
				CLANG_WARN_RANGE_LOOP_ANALYSIS = YES;
				CLANG_WARN_STRICT_PROTOTYPES = YES;
				CLANG_WARN_SUSPICIOUS_MOVE = YES;
				CLANG_WARN_UNGUARDED_AVAILABILITY = YES_AGGRESSIVE;
				CLANG_WARN_UNREACHABLE_CODE = YES;
				CLANG_WARN__DUPLICATE_METHOD_MATCH = YES;
				COPY_PHASE_STRIP = NO;
				DEBUG_INFORMATION_FORMAT = "dwarf-with-dsym";
				ENABLE_NS_ASSERTIONS = NO;
				ENABLE_STRICT_OBJC_MSGSEND = YES;
				GCC_C_LANGUAGE_STANDARD = gnu11;
				GCC_NO_COMMON_BLOCKS = YES;
				GCC_WARN_64_TO_32_BIT_CONVERSION = YES;
				GCC_WARN_ABOUT_RETURN_TYPE = YES_ERROR;
				GCC_WARN_UNDECLARED_SELECTOR = YES;
				GCC_WARN_UNINITIALIZED_AUTOS = YES_AGGRESSIVE;
				GCC_WARN_UNUSED_FUNCTION = YES;
				GCC_WARN_UNUSED_VARIABLE = YES;
				IPHONEOS_DEPLOYMENT_TARGET = 15.2;
				MTL_ENABLE_DEBUG_INFO = NO;
				MTL_FAST_MATH = YES;
				SDKROOT = iphoneos;
				SWIFT_COMPILATION_MODE = wholemodule;
				SWIFT_OPTIMIZATION_LEVEL = "-O";
				VALIDATE_PRODUCT = YES;
			};
			name = Release;
		};
		FFC67257281F17BF00245BB4 /* Debug */ = {
			isa = XCBuildConfiguration;
			buildSettings = {
				ASSETCATALOG_COMPILER_APPICON_NAME = AppIcon;
				ASSETCATALOG_COMPILER_GLOBAL_ACCENT_COLOR_NAME = AccentColor;
				CODE_SIGN_STYLE = Automatic;
				CURRENT_PROJECT_VERSION = 1;
				DEVELOPMENT_TEAM = 2YAWXW5GFH;
				GENERATE_INFOPLIST_FILE = YES;
				INFOPLIST_FILE = ScheduleViper/Info.plist;
				INFOPLIST_KEY_UIApplicationSupportsIndirectInputEvents = YES;
				INFOPLIST_KEY_UILaunchStoryboardName = LaunchScreen;
				INFOPLIST_KEY_UIMainStoryboardFile = Main;
				INFOPLIST_KEY_UISupportedInterfaceOrientations = UIInterfaceOrientationPortrait;
				INFOPLIST_KEY_UISupportedInterfaceOrientations_iPad = "UIInterfaceOrientationPortrait UIInterfaceOrientationPortraitUpsideDown UIInterfaceOrientationLandscapeLeft UIInterfaceOrientationLandscapeRight";
				INFOPLIST_KEY_UISupportedInterfaceOrientations_iPhone = "UIInterfaceOrientationPortrait UIInterfaceOrientationLandscapeLeft UIInterfaceOrientationLandscapeRight";
				LD_RUNPATH_SEARCH_PATHS = (
					"$(inherited)",
					"@executable_path/Frameworks",
				);
				MARKETING_VERSION = 1.0;
				PRODUCT_BUNDLE_IDENTIFIER = Urban.ScheduleViper;
				PRODUCT_NAME = "$(TARGET_NAME)";
				SWIFT_EMIT_LOC_STRINGS = YES;
				SWIFT_VERSION = 5.0;
				TARGETED_DEVICE_FAMILY = "1,2";
			};
			name = Debug;
		};
		FFC67258281F17BF00245BB4 /* Release */ = {
			isa = XCBuildConfiguration;
			buildSettings = {
				ASSETCATALOG_COMPILER_APPICON_NAME = AppIcon;
				ASSETCATALOG_COMPILER_GLOBAL_ACCENT_COLOR_NAME = AccentColor;
				CODE_SIGN_STYLE = Automatic;
				CURRENT_PROJECT_VERSION = 1;
				DEVELOPMENT_TEAM = 2YAWXW5GFH;
				GENERATE_INFOPLIST_FILE = YES;
				INFOPLIST_FILE = ScheduleViper/Info.plist;
				INFOPLIST_KEY_UIApplicationSupportsIndirectInputEvents = YES;
				INFOPLIST_KEY_UILaunchStoryboardName = LaunchScreen;
				INFOPLIST_KEY_UIMainStoryboardFile = Main;
				INFOPLIST_KEY_UISupportedInterfaceOrientations = UIInterfaceOrientationPortrait;
				INFOPLIST_KEY_UISupportedInterfaceOrientations_iPad = "UIInterfaceOrientationPortrait UIInterfaceOrientationPortraitUpsideDown UIInterfaceOrientationLandscapeLeft UIInterfaceOrientationLandscapeRight";
				INFOPLIST_KEY_UISupportedInterfaceOrientations_iPhone = "UIInterfaceOrientationPortrait UIInterfaceOrientationLandscapeLeft UIInterfaceOrientationLandscapeRight";
				LD_RUNPATH_SEARCH_PATHS = (
					"$(inherited)",
					"@executable_path/Frameworks",
				);
				MARKETING_VERSION = 1.0;
				PRODUCT_BUNDLE_IDENTIFIER = Urban.ScheduleViper;
				PRODUCT_NAME = "$(TARGET_NAME)";
				SWIFT_EMIT_LOC_STRINGS = YES;
				SWIFT_VERSION = 5.0;
				TARGETED_DEVICE_FAMILY = "1,2";
			};
			name = Release;
		};
		FFC6725A281F17BF00245BB4 /* Debug */ = {
			isa = XCBuildConfiguration;
			buildSettings = {
				ALWAYS_EMBED_SWIFT_STANDARD_LIBRARIES = YES;
				BUNDLE_LOADER = "$(TEST_HOST)";
				CODE_SIGN_STYLE = Automatic;
				CURRENT_PROJECT_VERSION = 1;
				DEVELOPMENT_TEAM = 2YAWXW5GFH;
				GENERATE_INFOPLIST_FILE = YES;
				IPHONEOS_DEPLOYMENT_TARGET = 15.2;
				MARKETING_VERSION = 1.0;
				PRODUCT_BUNDLE_IDENTIFIER = Urban.ScheduleViperTests;
				PRODUCT_NAME = "$(TARGET_NAME)";
				SWIFT_EMIT_LOC_STRINGS = NO;
				SWIFT_VERSION = 5.0;
				TARGETED_DEVICE_FAMILY = "1,2";
				TEST_HOST = "$(BUILT_PRODUCTS_DIR)/ScheduleViper.app/ScheduleViper";
			};
			name = Debug;
		};
		FFC6725B281F17BF00245BB4 /* Release */ = {
			isa = XCBuildConfiguration;
			buildSettings = {
				ALWAYS_EMBED_SWIFT_STANDARD_LIBRARIES = YES;
				BUNDLE_LOADER = "$(TEST_HOST)";
				CODE_SIGN_STYLE = Automatic;
				CURRENT_PROJECT_VERSION = 1;
				DEVELOPMENT_TEAM = 2YAWXW5GFH;
				GENERATE_INFOPLIST_FILE = YES;
				IPHONEOS_DEPLOYMENT_TARGET = 15.2;
				MARKETING_VERSION = 1.0;
				PRODUCT_BUNDLE_IDENTIFIER = Urban.ScheduleViperTests;
				PRODUCT_NAME = "$(TARGET_NAME)";
				SWIFT_EMIT_LOC_STRINGS = NO;
				SWIFT_VERSION = 5.0;
				TARGETED_DEVICE_FAMILY = "1,2";
				TEST_HOST = "$(BUILT_PRODUCTS_DIR)/ScheduleViper.app/ScheduleViper";
			};
			name = Release;
		};
		FFC6725D281F17BF00245BB4 /* Debug */ = {
			isa = XCBuildConfiguration;
			buildSettings = {
				ALWAYS_EMBED_SWIFT_STANDARD_LIBRARIES = YES;
				CODE_SIGN_STYLE = Automatic;
				CURRENT_PROJECT_VERSION = 1;
				DEVELOPMENT_TEAM = 2YAWXW5GFH;
				GENERATE_INFOPLIST_FILE = YES;
				MARKETING_VERSION = 1.0;
				PRODUCT_BUNDLE_IDENTIFIER = Urban.ScheduleViperUITests;
				PRODUCT_NAME = "$(TARGET_NAME)";
				SWIFT_EMIT_LOC_STRINGS = NO;
				SWIFT_VERSION = 5.0;
				TARGETED_DEVICE_FAMILY = "1,2";
				TEST_TARGET_NAME = ScheduleViper;
			};
			name = Debug;
		};
		FFC6725E281F17BF00245BB4 /* Release */ = {
			isa = XCBuildConfiguration;
			buildSettings = {
				ALWAYS_EMBED_SWIFT_STANDARD_LIBRARIES = YES;
				CODE_SIGN_STYLE = Automatic;
				CURRENT_PROJECT_VERSION = 1;
				DEVELOPMENT_TEAM = 2YAWXW5GFH;
				GENERATE_INFOPLIST_FILE = YES;
				MARKETING_VERSION = 1.0;
				PRODUCT_BUNDLE_IDENTIFIER = Urban.ScheduleViperUITests;
				PRODUCT_NAME = "$(TARGET_NAME)";
				SWIFT_EMIT_LOC_STRINGS = NO;
				SWIFT_VERSION = 5.0;
				TARGETED_DEVICE_FAMILY = "1,2";
				TEST_TARGET_NAME = ScheduleViper;
			};
			name = Release;
		};
/* End XCBuildConfiguration section */

/* Begin XCConfigurationList section */
		FFC67227281F17BD00245BB4 /* Build configuration list for PBXProject "ScheduleViper" */ = {
			isa = XCConfigurationList;
			buildConfigurations = (
				FFC67254281F17BF00245BB4 /* Debug */,
				FFC67255281F17BF00245BB4 /* Release */,
			);
			defaultConfigurationIsVisible = 0;
			defaultConfigurationName = Release;
		};
		FFC67256281F17BF00245BB4 /* Build configuration list for PBXNativeTarget "ScheduleViper" */ = {
			isa = XCConfigurationList;
			buildConfigurations = (
				FFC67257281F17BF00245BB4 /* Debug */,
				FFC67258281F17BF00245BB4 /* Release */,
			);
			defaultConfigurationIsVisible = 0;
			defaultConfigurationName = Release;
		};
		FFC67259281F17BF00245BB4 /* Build configuration list for PBXNativeTarget "ScheduleViperTests" */ = {
			isa = XCConfigurationList;
			buildConfigurations = (
				FFC6725A281F17BF00245BB4 /* Debug */,
				FFC6725B281F17BF00245BB4 /* Release */,
			);
			defaultConfigurationIsVisible = 0;
			defaultConfigurationName = Release;
		};
		FFC6725C281F17BF00245BB4 /* Build configuration list for PBXNativeTarget "ScheduleViperUITests" */ = {
			isa = XCConfigurationList;
			buildConfigurations = (
				FFC6725D281F17BF00245BB4 /* Debug */,
				FFC6725E281F17BF00245BB4 /* Release */,
			);
			defaultConfigurationIsVisible = 0;
			defaultConfigurationName = Release;
		};
/* End XCConfigurationList section */

/* Begin XCRemoteSwiftPackageReference section */
		FF057F952824435400FB6BC9 /* XCRemoteSwiftPackageReference "FSCalendar" */ = {
			isa = XCRemoteSwiftPackageReference;
			repositoryURL = "https://github.com/WenchaoD/FSCalendar.git";
			requirement = {
				kind = upToNextMajorVersion;
				minimumVersion = 2.0.0;
			};
		};
		FF27CCF82835B15500B376B7 /* XCRemoteSwiftPackageReference "Alamofire" */ = {
			isa = XCRemoteSwiftPackageReference;
			repositoryURL = "https://github.com/Alamofire/Alamofire.git";
			requirement = {
				branch = master;
				kind = branch;
			};
		};
/* End XCRemoteSwiftPackageReference section */

/* Begin XCSwiftPackageProductDependency section */
		FF057F962824435400FB6BC9 /* FSCalendar */ = {
			isa = XCSwiftPackageProductDependency;
			package = FF057F952824435400FB6BC9 /* XCRemoteSwiftPackageReference "FSCalendar" */;
			productName = FSCalendar;
		};
		FF27CCF92835B15500B376B7 /* Alamofire */ = {
			isa = XCSwiftPackageProductDependency;
			package = FF27CCF82835B15500B376B7 /* XCRemoteSwiftPackageReference "Alamofire" */;
			productName = Alamofire;
		};
/* End XCSwiftPackageProductDependency section */

/* Begin XCVersionGroup section */
		FF22B618283C4A4D00B6A51D /* Model.xcdatamodeld */ = {
			isa = XCVersionGroup;
			children = (
				FF22B619283C4A4D00B6A51D /* Model.xcdatamodel */,
			);
			currentVersion = FF22B619283C4A4D00B6A51D /* Model.xcdatamodel */;
			path = Model.xcdatamodeld;
			sourceTree = "<group>";
			versionGroupType = wrapper.xcdatamodel;
		};
/* End XCVersionGroup section */
	};
	rootObject = FFC67224281F17BD00245BB4 /* Project object */;
}
