{
  "object": {
    "pins": [
      {
        "package": "Alamofire",
        "repositoryURL": "https://github.com/Alamofire/Alamofire.git",
        "state": {
          "branch": "master",
          "revision": "53a24e871675e389c0d18bdd29e4944ef25f0654",
          "version": null
        }
      },
      {
        "package": "FSCalendar",
        "repositoryURL": "https://github.com/WenchaoD/FSCalendar.git",
        "state": {
          "branch": null,
          "revision": "0fbdec5172fccb90f707472eeaea4ffe095278f6",
          "version": "2.8.4"
        }
      }
    ]
  },
  "version": 1
}
